
Microsoft Visual Studio Solution File, Format Version 12.00
# Visual Studio Version 17
VisualStudioVersion = 17.11.35312.102
MinimumVisualStudioVersion = 10.0.40219.1
Project("{FAE04EC0-301F-11D3-BF4B-00C04F79EFBC}") = "BimEducation", "BimEducation\BimEducation.csproj", "{D437900D-558D-43FB-A6CB-F8F02D0AE5DF}"
EndProject
Global
	GlobalSection(SolutionConfigurationPlatforms) = preSolution
		Debug_R2023|Any CPU = Debug_R2023|Any CPU
		Debug_R2024|Any CPU = Debug_R2024|Any CPU
		Debug|Any CPU = Debug|Any CPU
		Release|Any CPU = Release|Any CPU
	EndGlobalSection
	GlobalSection(ProjectConfigurationPlatforms) = postSolution
		{D437900D-558D-43FB-A6CB-F8F02D0AE5DF}.Debug_R2023|Any CPU.ActiveCfg = Debug_R2023|Any CPU
		{D437900D-558D-43FB-A6CB-F8F02D0AE5DF}.Debug_R2023|Any CPU.Build.0 = Debug_R2023|Any CPU
		{D437900D-558D-43FB-A6CB-F8F02D0AE5DF}.Debug_R2024|Any CPU.ActiveCfg = Debug_R2024|Any CPU
		{D437900D-558D-43FB-A6CB-F8F02D0AE5DF}.Debug_R2024|Any CPU.Build.0 = Debug_R2024|Any CPU
		{D437900D-558D-43FB-A6CB-F8F02D0AE5DF}.Debug|Any CPU.ActiveCfg = Debug|Any CPU
		{D437900D-558D-43FB-A6CB-F8F02D0AE5DF}.Debug|Any CPU.Build.0 = Debug|Any CPU
		{D437900D-558D-43FB-A6CB-F8F02D0AE5DF}.Release|Any CPU.ActiveCfg = Release|Any CPU
		{D437900D-558D-43FB-A6CB-F8F02D0AE5DF}.Release|Any CPU.Build.0 = Release|Any CPU
	EndGlobalSection
	GlobalSection(SolutionProperties) = preSolution
		HideSolutionNode = FALSE
	EndGlobalSection
	GlobalSection(ExtensibilityGlobals) = postSolution
		SolutionGuid = {26F0A9AB-D84B-4AF4-999E-7463BD625A29}
	EndGlobalSection
EndGlobal
